
Microsoft Visual Studio Solution File, Format Version 12.00
# Visual Studio Version 17
VisualStudioVersion = 17.11.35219.272
MinimumVisualStudioVersion = 10.0.40219.1
Project("{FAE04EC0-301F-11D3-BF4B-00C04F79EFBC}") = "ProjetoDeBloco_FimDeSemana", "ProjetoDeBloco_FimDeSemana\ProjetoDeBloco_FimDeSemana.csproj", "{4FFA4EAC-9BCD-445E-8DFC-9DA9F1795EFC}"
EndProject
Global
	GlobalSection(SolutionConfigurationPlatforms) = preSolution
		Debug|Any CPU = Debug|Any CPU
		Release|Any CPU = Release|Any CPU
	EndGlobalSection
	GlobalSection(ProjectConfigurationPlatforms) = postSolution
		{4FFA4EAC-9BCD-445E-8DFC-9DA9F1795EFC}.Debug|Any CPU.ActiveCfg = Debug|Any CPU
		{4FFA4EAC-9BCD-445E-8DFC-9DA9F1795EFC}.Debug|Any CPU.Build.0 = Debug|Any CPU
		{4FFA4EAC-9BCD-445E-8DFC-9DA9F1795EFC}.Release|Any CPU.ActiveCfg = Release|Any CPU
		{4FFA4EAC-9BCD-445E-8DFC-9DA9F1795EFC}.Release|Any CPU.Build.0 = Release|Any CPU
	EndGlobalSection
	GlobalSection(SolutionProperties) = preSolution
		HideSolutionNode = FALSE
	EndGlobalSection
	GlobalSection(ExtensibilityGlobals) = postSolution
		SolutionGuid = {49BBFC63-E60E-4B0C-BD4E-41E9D8A09EC3}
	EndGlobalSection
EndGlobal
